
Microsoft Visual Studio Solution File, Format Version 12.00
# Visual Studio Version 17
VisualStudioVersion = 17.0.31903.59
MinimumVisualStudioVersion = 10.0.40219.1
Project("{FAE04EC0-301F-11D3-BF4B-00C04F79EFBC}") = "HiveShard", "HiveShard\HiveShard.csproj", "{DF0C0D43-8570-40DB-B808-B19C2D8BC535}"
EndProject
Project("{FAE04EC0-301F-11D3-BF4B-00C04F79EFBC}") = "HiveShard.Client", "HiveShard.Client\HiveShard.Client.csproj", "{78AFD86D-4F89-46B4-9924-9DD003DF061C}"
EndProject
Project("{FAE04EC0-301F-11D3-BF4B-00C04F79EFBC}") = "HiveShard.Edge", "HiveShard.Edge\HiveShard.Edge.csproj", "{5924C60C-495C-4D11-8718-FA6CA58EBA7B}"
EndProject
Project("{2150E333-8FDC-42A3-9474-1A3956D46DE8}") = "Tests", "Tests", "{7D80B2AF-9121-4933-811C-CA2578653D0E}"
EndProject
Project("{2150E333-8FDC-42A3-9474-1A3956D46DE8}") = "Fabrics", "Fabrics", "{DC5DCDF9-C8CB-4A8F-8D1A-ACE90F3EFAA9}"
EndProject
Project("{2150E333-8FDC-42A3-9474-1A3956D46DE8}") = "Services", "Services", "{5A36CDFC-7C29-4438-BD07-8852121805CE}"
EndProject
Project("{FAE04EC0-301F-11D3-BF4B-00C04F79EFBC}") = "HiveShard.Shard", "HiveShard.Shard\HiveShard.Shard.csproj", "{A83374BB-CBD8-4F47-A449-5803D16E3472}"
EndProject
Project("{FAE04EC0-301F-11D3-BF4B-00C04F79EFBC}") = "HiveShard.Ticker", "HiveShard.Ticker\HiveShard.Ticker.csproj", "{0FAE9B73-EFE9-4BFE-8000-5823A070F4CB}"
EndProject
Project("{FAE04EC0-301F-11D3-BF4B-00C04F79EFBC}") = "HiveShard.Fabrics.InMemory", "Fabrics\HiveShard.Fabrics.InMemory\HiveShard.Fabrics.InMemory.csproj", "{8A33580F-899C-4BBE-9E0F-029E5ECF127F}"
EndProject
Project("{FAE04EC0-301F-11D3-BF4B-00C04F79EFBC}") = "HiveShard.Fabrics.Kafka", "Fabrics\HiveShard.Fabrics.Kafka\HiveShard.Fabrics.Kafka.csproj", "{8D799747-527F-4533-9305-1BEB239B7DB2}"
EndProject
Project("{FAE04EC0-301F-11D3-BF4B-00C04F79EFBC}") = "HiveShard.Fabrics.Tcp", "Fabrics\HiveShard.Fabrics.Tcp\HiveShard.Fabrics.Tcp.csproj", "{E8D3F753-354A-48CA-AB3B-8D0246612CA4}"
EndProject
Project("{FAE04EC0-301F-11D3-BF4B-00C04F79EFBC}") = "HiveShard.Services.Collector", "Services\HiveShard.Services.Collector\HiveShard.Services.Collector.csproj", "{5982699F-EA0A-463F-8BB8-84D614657DE0}"
EndProject
Project("{FAE04EC0-301F-11D3-BF4B-00C04F79EFBC}") = "Hiveshard.Services.Ticker", "Services\Hiveshard.Services.Ticker\Hiveshard.Services.Ticker.csproj", "{7304CB01-D465-46F7-A048-9D16182BD908}"
EndProject
Project("{FAE04EC0-301F-11D3-BF4B-00C04F79EFBC}") = "HiveShard.Edge.Tests", "Tests\HiveShard.Edge.Tests\HiveShard.Edge.Tests.csproj", "{927A47C7-89CA-46A1-A8EA-9491F7878112}"
EndProject
Project("{FAE04EC0-301F-11D3-BF4B-00C04F79EFBC}") = "HiveShard.Fabrics.Kafka.Tests", "Tests\HiveShard.Fabrics.Kafka.Tests\HiveShard.Fabrics.Kafka.Tests.csproj", "{FCA98809-A20F-4243-A8DB-02D3D44007EE}"
EndProject
Project("{FAE04EC0-301F-11D3-BF4B-00C04F79EFBC}") = "HiveShard.Shard.Tests", "Tests\HiveShard.Shard.Tests\HiveShard.Shard.Tests.csproj", "{E137C733-88BF-4395-A247-A440DB33C565}"
EndProject
Project("{FAE04EC0-301F-11D3-BF4B-00C04F79EFBC}") = "HiveShard.Ticker.Tests", "Tests\HiveShard.Ticker.Tests\HiveShard.Ticker.Tests.csproj", "{9F7A98FD-DB3A-40FC-B464-4991A6265710}"
EndProject
Project("{2150E333-8FDC-42A3-9474-1A3956D46DE8}") = "Util", "Util", "{0C8A359F-A14A-48B5-9EF3-9C297325C294}"
EndProject
Project("{FAE04EC0-301F-11D3-BF4B-00C04F79EFBC}") = "Xcepto.HiveShard", "Util\Xcepto.HiveShard\Xcepto.HiveShard.csproj", "{017BF16D-72E7-421D-998D-F5BD66B0FF28}"
EndProject
Project("{FAE04EC0-301F-11D3-BF4B-00C04F79EFBC}") = "KafkaStartupAwaiter", "Util\KafkaStartupAwaiter\KafkaStartupAwaiter.csproj", "{97B5A89D-FBCA-40F4-940F-5AB0A3A4AAEF}"
EndProject
Project("{2150E333-8FDC-42A3-9474-1A3956D46DE8}") = "Deployments", "Deployments", "{B2BE22D9-E4F2-42B4-A76D-1BD8F0BEE402}"
EndProject
Project("{FAE04EC0-301F-11D3-BF4B-00C04F79EFBC}") = "HiveShard.Deployments.InMemory", "Deployments\HiveShard.Deployments.InMemory\HiveShard.Deployments.InMemory.csproj", "{8CC1AA54-D2D6-4542-9D2D-D2080A5BBF08}"
EndProject
Project("{FAE04EC0-301F-11D3-BF4B-00C04F79EFBC}") = "HiveShard.Deployments.DockerCompose", "Deployments\HiveShard.Deployments.DockerCompose\HiveShard.Deployments.DockerCompose.csproj", "{EEBA7A40-9B3E-42B9-9D90-FA31FA24DA29}"
EndProject
Project("{FAE04EC0-301F-11D3-BF4B-00C04F79EFBC}") = "HiveShard.Deployments.HiveShardPlatform", "Deployments\HiveShard.Deployments.HiveShardPlatform\HiveShard.Deployments.HiveShardPlatform.csproj", "{EEE186A1-EDEA-402B-B0BF-8C5A64CF4252}"
EndProject
Project("{2150E333-8FDC-42A3-9474-1A3956D46DE8}") = "Workers", "Workers", "{4D443145-EAB1-4A74-B080-C2247ED15881}"
EndProject
Project("{FAE04EC0-301F-11D3-BF4B-00C04F79EFBC}") = "HiveShard.Workers.Shard", "Workers\HiveShard.Workers.Shard\HiveShard.Workers.Shard.csproj", "{24B011C8-8393-47E5-AA97-4E0C620FE0CB}"
EndProject
Project("{2150E333-8FDC-42A3-9474-1A3956D46DE8}") = "Workers", "Workers", "{65413284-EDD7-4DD5-8867-AE9498DA7175}"
EndProject
Project("{FAE04EC0-301F-11D3-BF4B-00C04F79EFBC}") = "HiveShard.Workers.Shard.Tests", "Tests\Workers\HiveShard.Workers.Shard.Tests\HiveShard.Workers.Shard.Tests.csproj", "{DACC9FFA-A11B-4420-8FF2-ECB5B6FBA7A0}"
EndProject
Project("{FAE04EC0-301F-11D3-BF4B-00C04F79EFBC}") = "HiveShard.Workers.Master", "Workers\HiveShard.Workers.Master\HiveShard.Workers.Master.csproj", "{957B9EA1-9877-46AD-A9EB-103E5D25C737}"
EndProject
Project("{FAE04EC0-301F-11D3-BF4B-00C04F79EFBC}") = "HiveShard.Workers.Edge", "Workers\HiveShard.Workers.Edge\HiveShard.Workers.Edge.csproj", "{EA86B9D7-8F6B-494D-87C7-D29B477FFD3B}"
EndProject
Project("{FAE04EC0-301F-11D3-BF4B-00C04F79EFBC}") = "HiveShard.Workers.Ticker", "Workers\HiveShard.Workers.Ticker\HiveShard.Workers.Ticker.csproj", "{2AB34D64-7EE2-4F04-845F-3F91B6670E94}"
EndProject
Global
	GlobalSection(SolutionConfigurationPlatforms) = preSolution
		Debug|Any CPU = Debug|Any CPU
		Release|Any CPU = Release|Any CPU
	EndGlobalSection
	GlobalSection(SolutionProperties) = preSolution
		HideSolutionNode = FALSE
	EndGlobalSection
	GlobalSection(ProjectConfigurationPlatforms) = postSolution
		{DF0C0D43-8570-40DB-B808-B19C2D8BC535}.Debug|Any CPU.ActiveCfg = Debug|Any CPU
		{DF0C0D43-8570-40DB-B808-B19C2D8BC535}.Debug|Any CPU.Build.0 = Debug|Any CPU
		{DF0C0D43-8570-40DB-B808-B19C2D8BC535}.Release|Any CPU.ActiveCfg = Release|Any CPU
		{DF0C0D43-8570-40DB-B808-B19C2D8BC535}.Release|Any CPU.Build.0 = Release|Any CPU
		{78AFD86D-4F89-46B4-9924-9DD003DF061C}.Debug|Any CPU.ActiveCfg = Debug|Any CPU
		{78AFD86D-4F89-46B4-9924-9DD003DF061C}.Debug|Any CPU.Build.0 = Debug|Any CPU
		{78AFD86D-4F89-46B4-9924-9DD003DF061C}.Release|Any CPU.ActiveCfg = Release|Any CPU
		{78AFD86D-4F89-46B4-9924-9DD003DF061C}.Release|Any CPU.Build.0 = Release|Any CPU
		{5924C60C-495C-4D11-8718-FA6CA58EBA7B}.Debug|Any CPU.ActiveCfg = Debug|Any CPU
		{5924C60C-495C-4D11-8718-FA6CA58EBA7B}.Debug|Any CPU.Build.0 = Debug|Any CPU
		{5924C60C-495C-4D11-8718-FA6CA58EBA7B}.Release|Any CPU.ActiveCfg = Release|Any CPU
		{5924C60C-495C-4D11-8718-FA6CA58EBA7B}.Release|Any CPU.Build.0 = Release|Any CPU
		{A83374BB-CBD8-4F47-A449-5803D16E3472}.Debug|Any CPU.ActiveCfg = Debug|Any CPU
		{A83374BB-CBD8-4F47-A449-5803D16E3472}.Debug|Any CPU.Build.0 = Debug|Any CPU
		{A83374BB-CBD8-4F47-A449-5803D16E3472}.Release|Any CPU.ActiveCfg = Release|Any CPU
		{A83374BB-CBD8-4F47-A449-5803D16E3472}.Release|Any CPU.Build.0 = Release|Any CPU
		{0FAE9B73-EFE9-4BFE-8000-5823A070F4CB}.Debug|Any CPU.ActiveCfg = Debug|Any CPU
		{0FAE9B73-EFE9-4BFE-8000-5823A070F4CB}.Debug|Any CPU.Build.0 = Debug|Any CPU
		{0FAE9B73-EFE9-4BFE-8000-5823A070F4CB}.Release|Any CPU.ActiveCfg = Release|Any CPU
		{0FAE9B73-EFE9-4BFE-8000-5823A070F4CB}.Release|Any CPU.Build.0 = Release|Any CPU
		{8A33580F-899C-4BBE-9E0F-029E5ECF127F}.Debug|Any CPU.ActiveCfg = Debug|Any CPU
		{8A33580F-899C-4BBE-9E0F-029E5ECF127F}.Debug|Any CPU.Build.0 = Debug|Any CPU
		{8A33580F-899C-4BBE-9E0F-029E5ECF127F}.Release|Any CPU.ActiveCfg = Release|Any CPU
		{8A33580F-899C-4BBE-9E0F-029E5ECF127F}.Release|Any CPU.Build.0 = Release|Any CPU
		{8D799747-527F-4533-9305-1BEB239B7DB2}.Debug|Any CPU.ActiveCfg = Debug|Any CPU
		{8D799747-527F-4533-9305-1BEB239B7DB2}.Debug|Any CPU.Build.0 = Debug|Any CPU
		{8D799747-527F-4533-9305-1BEB239B7DB2}.Release|Any CPU.ActiveCfg = Release|Any CPU
		{8D799747-527F-4533-9305-1BEB239B7DB2}.Release|Any CPU.Build.0 = Release|Any CPU
		{E8D3F753-354A-48CA-AB3B-8D0246612CA4}.Debug|Any CPU.ActiveCfg = Debug|Any CPU
		{E8D3F753-354A-48CA-AB3B-8D0246612CA4}.Debug|Any CPU.Build.0 = Debug|Any CPU
		{E8D3F753-354A-48CA-AB3B-8D0246612CA4}.Release|Any CPU.ActiveCfg = Release|Any CPU
		{E8D3F753-354A-48CA-AB3B-8D0246612CA4}.Release|Any CPU.Build.0 = Release|Any CPU
		{5982699F-EA0A-463F-8BB8-84D614657DE0}.Debug|Any CPU.ActiveCfg = Debug|Any CPU
		{5982699F-EA0A-463F-8BB8-84D614657DE0}.Debug|Any CPU.Build.0 = Debug|Any CPU
		{5982699F-EA0A-463F-8BB8-84D614657DE0}.Release|Any CPU.ActiveCfg = Release|Any CPU
		{5982699F-EA0A-463F-8BB8-84D614657DE0}.Release|Any CPU.Build.0 = Release|Any CPU
		{7304CB01-D465-46F7-A048-9D16182BD908}.Debug|Any CPU.ActiveCfg = Debug|Any CPU
		{7304CB01-D465-46F7-A048-9D16182BD908}.Debug|Any CPU.Build.0 = Debug|Any CPU
		{7304CB01-D465-46F7-A048-9D16182BD908}.Release|Any CPU.ActiveCfg = Release|Any CPU
		{7304CB01-D465-46F7-A048-9D16182BD908}.Release|Any CPU.Build.0 = Release|Any CPU
		{927A47C7-89CA-46A1-A8EA-9491F7878112}.Debug|Any CPU.ActiveCfg = Debug|Any CPU
		{927A47C7-89CA-46A1-A8EA-9491F7878112}.Debug|Any CPU.Build.0 = Debug|Any CPU
		{927A47C7-89CA-46A1-A8EA-9491F7878112}.Release|Any CPU.ActiveCfg = Release|Any CPU
		{927A47C7-89CA-46A1-A8EA-9491F7878112}.Release|Any CPU.Build.0 = Release|Any CPU
		{FCA98809-A20F-4243-A8DB-02D3D44007EE}.Debug|Any CPU.ActiveCfg = Debug|Any CPU
		{FCA98809-A20F-4243-A8DB-02D3D44007EE}.Debug|Any CPU.Build.0 = Debug|Any CPU
		{FCA98809-A20F-4243-A8DB-02D3D44007EE}.Release|Any CPU.ActiveCfg = Release|Any CPU
		{FCA98809-A20F-4243-A8DB-02D3D44007EE}.Release|Any CPU.Build.0 = Release|Any CPU
		{E137C733-88BF-4395-A247-A440DB33C565}.Debug|Any CPU.ActiveCfg = Debug|Any CPU
		{E137C733-88BF-4395-A247-A440DB33C565}.Debug|Any CPU.Build.0 = Debug|Any CPU
		{E137C733-88BF-4395-A247-A440DB33C565}.Release|Any CPU.ActiveCfg = Release|Any CPU
		{E137C733-88BF-4395-A247-A440DB33C565}.Release|Any CPU.Build.0 = Release|Any CPU
		{9F7A98FD-DB3A-40FC-B464-4991A6265710}.Debug|Any CPU.ActiveCfg = Debug|Any CPU
		{9F7A98FD-DB3A-40FC-B464-4991A6265710}.Debug|Any CPU.Build.0 = Debug|Any CPU
		{9F7A98FD-DB3A-40FC-B464-4991A6265710}.Release|Any CPU.ActiveCfg = Release|Any CPU
		{9F7A98FD-DB3A-40FC-B464-4991A6265710}.Release|Any CPU.Build.0 = Release|Any CPU
		{017BF16D-72E7-421D-998D-F5BD66B0FF28}.Debug|Any CPU.ActiveCfg = Debug|Any CPU
		{017BF16D-72E7-421D-998D-F5BD66B0FF28}.Debug|Any CPU.Build.0 = Debug|Any CPU
		{017BF16D-72E7-421D-998D-F5BD66B0FF28}.Release|Any CPU.ActiveCfg = Release|Any CPU
		{017BF16D-72E7-421D-998D-F5BD66B0FF28}.Release|Any CPU.Build.0 = Release|Any CPU
		{97B5A89D-FBCA-40F4-940F-5AB0A3A4AAEF}.Debug|Any CPU.ActiveCfg = Debug|Any CPU
		{97B5A89D-FBCA-40F4-940F-5AB0A3A4AAEF}.Debug|Any CPU.Build.0 = Debug|Any CPU
		{97B5A89D-FBCA-40F4-940F-5AB0A3A4AAEF}.Release|Any CPU.ActiveCfg = Release|Any CPU
		{97B5A89D-FBCA-40F4-940F-5AB0A3A4AAEF}.Release|Any CPU.Build.0 = Release|Any CPU
		{8CC1AA54-D2D6-4542-9D2D-D2080A5BBF08}.Debug|Any CPU.ActiveCfg = Debug|Any CPU
		{8CC1AA54-D2D6-4542-9D2D-D2080A5BBF08}.Debug|Any CPU.Build.0 = Debug|Any CPU
		{8CC1AA54-D2D6-4542-9D2D-D2080A5BBF08}.Release|Any CPU.ActiveCfg = Release|Any CPU
		{8CC1AA54-D2D6-4542-9D2D-D2080A5BBF08}.Release|Any CPU.Build.0 = Release|Any CPU
		{EEBA7A40-9B3E-42B9-9D90-FA31FA24DA29}.Debug|Any CPU.ActiveCfg = Debug|Any CPU
		{EEBA7A40-9B3E-42B9-9D90-FA31FA24DA29}.Debug|Any CPU.Build.0 = Debug|Any CPU
		{EEBA7A40-9B3E-42B9-9D90-FA31FA24DA29}.Release|Any CPU.ActiveCfg = Release|Any CPU
		{EEBA7A40-9B3E-42B9-9D90-FA31FA24DA29}.Release|Any CPU.Build.0 = Release|Any CPU
		{EEE186A1-EDEA-402B-B0BF-8C5A64CF4252}.Debug|Any CPU.ActiveCfg = Debug|Any CPU
		{EEE186A1-EDEA-402B-B0BF-8C5A64CF4252}.Debug|Any CPU.Build.0 = Debug|Any CPU
		{EEE186A1-EDEA-402B-B0BF-8C5A64CF4252}.Release|Any CPU.ActiveCfg = Release|Any CPU
		{EEE186A1-EDEA-402B-B0BF-8C5A64CF4252}.Release|Any CPU.Build.0 = Release|Any CPU
		{24B011C8-8393-47E5-AA97-4E0C620FE0CB}.Debug|Any CPU.ActiveCfg = Debug|Any CPU
		{24B011C8-8393-47E5-AA97-4E0C620FE0CB}.Debug|Any CPU.Build.0 = Debug|Any CPU
		{24B011C8-8393-47E5-AA97-4E0C620FE0CB}.Release|Any CPU.ActiveCfg = Release|Any CPU
		{24B011C8-8393-47E5-AA97-4E0C620FE0CB}.Release|Any CPU.Build.0 = Release|Any CPU
		{DACC9FFA-A11B-4420-8FF2-ECB5B6FBA7A0}.Debug|Any CPU.ActiveCfg = Debug|Any CPU
		{DACC9FFA-A11B-4420-8FF2-ECB5B6FBA7A0}.Debug|Any CPU.Build.0 = Debug|Any CPU
		{DACC9FFA-A11B-4420-8FF2-ECB5B6FBA7A0}.Release|Any CPU.ActiveCfg = Release|Any CPU
		{DACC9FFA-A11B-4420-8FF2-ECB5B6FBA7A0}.Release|Any CPU.Build.0 = Release|Any CPU
		{957B9EA1-9877-46AD-A9EB-103E5D25C737}.Debug|Any CPU.ActiveCfg = Debug|Any CPU
		{957B9EA1-9877-46AD-A9EB-103E5D25C737}.Debug|Any CPU.Build.0 = Debug|Any CPU
		{957B9EA1-9877-46AD-A9EB-103E5D25C737}.Release|Any CPU.ActiveCfg = Release|Any CPU
		{957B9EA1-9877-46AD-A9EB-103E5D25C737}.Release|Any CPU.Build.0 = Release|Any CPU
		{EA86B9D7-8F6B-494D-87C7-D29B477FFD3B}.Debug|Any CPU.ActiveCfg = Debug|Any CPU
		{EA86B9D7-8F6B-494D-87C7-D29B477FFD3B}.Debug|Any CPU.Build.0 = Debug|Any CPU
		{EA86B9D7-8F6B-494D-87C7-D29B477FFD3B}.Release|Any CPU.ActiveCfg = Release|Any CPU
		{EA86B9D7-8F6B-494D-87C7-D29B477FFD3B}.Release|Any CPU.Build.0 = Release|Any CPU
		{2AB34D64-7EE2-4F04-845F-3F91B6670E94}.Debug|Any CPU.ActiveCfg = Debug|Any CPU
		{2AB34D64-7EE2-4F04-845F-3F91B6670E94}.Debug|Any CPU.Build.0 = Debug|Any CPU
		{2AB34D64-7EE2-4F04-845F-3F91B6670E94}.Release|Any CPU.ActiveCfg = Release|Any CPU
		{2AB34D64-7EE2-4F04-845F-3F91B6670E94}.Release|Any CPU.Build.0 = Release|Any CPU
	EndGlobalSection
	GlobalSection(NestedProjects) = preSolution
		{8A33580F-899C-4BBE-9E0F-029E5ECF127F} = {DC5DCDF9-C8CB-4A8F-8D1A-ACE90F3EFAA9}
		{8D799747-527F-4533-9305-1BEB239B7DB2} = {DC5DCDF9-C8CB-4A8F-8D1A-ACE90F3EFAA9}
		{E8D3F753-354A-48CA-AB3B-8D0246612CA4} = {DC5DCDF9-C8CB-4A8F-8D1A-ACE90F3EFAA9}
		{5982699F-EA0A-463F-8BB8-84D614657DE0} = {5A36CDFC-7C29-4438-BD07-8852121805CE}
		{7304CB01-D465-46F7-A048-9D16182BD908} = {5A36CDFC-7C29-4438-BD07-8852121805CE}
		{927A47C7-89CA-46A1-A8EA-9491F7878112} = {7D80B2AF-9121-4933-811C-CA2578653D0E}
		{FCA98809-A20F-4243-A8DB-02D3D44007EE} = {7D80B2AF-9121-4933-811C-CA2578653D0E}
		{E137C733-88BF-4395-A247-A440DB33C565} = {7D80B2AF-9121-4933-811C-CA2578653D0E}
		{9F7A98FD-DB3A-40FC-B464-4991A6265710} = {7D80B2AF-9121-4933-811C-CA2578653D0E}
		{017BF16D-72E7-421D-998D-F5BD66B0FF28} = {0C8A359F-A14A-48B5-9EF3-9C297325C294}
		{97B5A89D-FBCA-40F4-940F-5AB0A3A4AAEF} = {0C8A359F-A14A-48B5-9EF3-9C297325C294}
		{8CC1AA54-D2D6-4542-9D2D-D2080A5BBF08} = {B2BE22D9-E4F2-42B4-A76D-1BD8F0BEE402}
		{EEBA7A40-9B3E-42B9-9D90-FA31FA24DA29} = {B2BE22D9-E4F2-42B4-A76D-1BD8F0BEE402}
		{EEE186A1-EDEA-402B-B0BF-8C5A64CF4252} = {B2BE22D9-E4F2-42B4-A76D-1BD8F0BEE402}
		{24B011C8-8393-47E5-AA97-4E0C620FE0CB} = {4D443145-EAB1-4A74-B080-C2247ED15881}
		{65413284-EDD7-4DD5-8867-AE9498DA7175} = {7D80B2AF-9121-4933-811C-CA2578653D0E}
		{DACC9FFA-A11B-4420-8FF2-ECB5B6FBA7A0} = {65413284-EDD7-4DD5-8867-AE9498DA7175}
		{957B9EA1-9877-46AD-A9EB-103E5D25C737} = {4D443145-EAB1-4A74-B080-C2247ED15881}
		{EA86B9D7-8F6B-494D-87C7-D29B477FFD3B} = {4D443145-EAB1-4A74-B080-C2247ED15881}
		{2AB34D64-7EE2-4F04-845F-3F91B6670E94} = {4D443145-EAB1-4A74-B080-C2247ED15881}
	EndGlobalSection
EndGlobal
