
Microsoft Visual Studio Solution File, Format Version 12.00
# Visual Studio Version 17
VisualStudioVersion = 17.0.31903.59
MinimumVisualStudioVersion = 10.0.40219.1
Project("{FAE04EC0-301F-11D3-BF4B-00C04F79EFBC}") = "HiveShard", "HiveShard\HiveShard.csproj", "{DF0C0D43-8570-40DB-B808-B19C2D8BC535}"
EndProject
Project("{FAE04EC0-301F-11D3-BF4B-00C04F79EFBC}") = "HiveShard.Client", "HiveShard.Client\HiveShard.Client.csproj", "{78AFD86D-4F89-46B4-9924-9DD003DF061C}"
EndProject
Project("{FAE04EC0-301F-11D3-BF4B-00C04F79EFBC}") = "HiveShard.Edge", "HiveShard.Edge\HiveShard.Edge.csproj", "{5924C60C-495C-4D11-8718-FA6CA58EBA7B}"
EndProject
Project("{2150E333-8FDC-42A3-9474-1A3956D46DE8}") = "Tests", "Tests", "{7D80B2AF-9121-4933-811C-CA2578653D0E}"
EndProject
Project("{2150E333-8FDC-42A3-9474-1A3956D46DE8}") = "Fabrics", "Fabrics", "{DC5DCDF9-C8CB-4A8F-8D1A-ACE90F3EFAA9}"
EndProject
Project("{2150E333-8FDC-42A3-9474-1A3956D46DE8}") = "Services", "Services", "{5A36CDFC-7C29-4438-BD07-8852121805CE}"
EndProject
Project("{FAE04EC0-301F-11D3-BF4B-00C04F79EFBC}") = "HiveShard.Shard", "HiveShard.Shard\HiveShard.Shard.csproj", "{A83374BB-CBD8-4F47-A449-5803D16E3472}"
EndProject
Project("{FAE04EC0-301F-11D3-BF4B-00C04F79EFBC}") = "HiveShard.Ticker", "HiveShard.Ticker\HiveShard.Ticker.csproj", "{0FAE9B73-EFE9-4BFE-8000-5823A070F4CB}"
EndProject
Project("{FAE04EC0-301F-11D3-BF4B-00C04F79EFBC}") = "HiveShard.Worker", "HiveShard.Worker\HiveShard.Worker.csproj", "{19AA42C4-9044-4843-85E4-6334106FA373}"
EndProject
Project("{FAE04EC0-301F-11D3-BF4B-00C04F79EFBC}") = "HiveShard.Fabrics.InMemory", "Fabrics\HiveShard.Fabrics.InMemory\HiveShard.Fabrics.InMemory.csproj", "{8A33580F-899C-4BBE-9E0F-029E5ECF127F}"
EndProject
Project("{FAE04EC0-301F-11D3-BF4B-00C04F79EFBC}") = "HiveShard.Fabrics.Kafka", "Fabrics\HiveShard.Fabrics.Kafka\HiveShard.Fabrics.Kafka.csproj", "{8D799747-527F-4533-9305-1BEB239B7DB2}"
EndProject
Project("{FAE04EC0-301F-11D3-BF4B-00C04F79EFBC}") = "HiveShard.Fabrics.Tcp", "Fabrics\HiveShard.Fabrics.Tcp\HiveShard.Fabrics.Tcp.csproj", "{E8D3F753-354A-48CA-AB3B-8D0246612CA4}"
EndProject
Project("{FAE04EC0-301F-11D3-BF4B-00C04F79EFBC}") = "HiveShard.Services.Collector", "Services\HiveShard.Services.Collector\HiveShard.Services.Collector.csproj", "{5982699F-EA0A-463F-8BB8-84D614657DE0}"
EndProject
Project("{FAE04EC0-301F-11D3-BF4B-00C04F79EFBC}") = "Hiveshard.Services.Ticker", "Services\Hiveshard.Services.Ticker\Hiveshard.Services.Ticker.csproj", "{7304CB01-D465-46F7-A048-9D16182BD908}"
EndProject
Project("{FAE04EC0-301F-11D3-BF4B-00C04F79EFBC}") = "HiveShard.Edge.Tests", "Tests\HiveShard.Edge.Tests\HiveShard.Edge.Tests.csproj", "{927A47C7-89CA-46A1-A8EA-9491F7878112}"
EndProject
Project("{FAE04EC0-301F-11D3-BF4B-00C04F79EFBC}") = "HiveShard.Fabrics.Kafka.Tests", "Tests\HiveShard.Fabrics.Kafka.Tests\HiveShard.Fabrics.Kafka.Tests.csproj", "{FCA98809-A20F-4243-A8DB-02D3D44007EE}"
EndProject
Project("{FAE04EC0-301F-11D3-BF4B-00C04F79EFBC}") = "HiveShard.Shard.Tests", "Tests\HiveShard.Shard.Tests\HiveShard.Shard.Tests.csproj", "{E137C733-88BF-4395-A247-A440DB33C565}"
EndProject
Project("{FAE04EC0-301F-11D3-BF4B-00C04F79EFBC}") = "HiveShard.Ticker.Tests", "Tests\HiveShard.Ticker.Tests\HiveShard.Ticker.Tests.csproj", "{9F7A98FD-DB3A-40FC-B464-4991A6265710}"
EndProject
Project("{FAE04EC0-301F-11D3-BF4B-00C04F79EFBC}") = "HiveShard.Worker.Tests", "Tests\HiveShard.Worker.Tests\HiveShard.Worker.Tests.csproj", "{D94A6089-2EBD-45F1-AA71-7A8970D54A4F}"
EndProject
Project("{2150E333-8FDC-42A3-9474-1A3956D46DE8}") = "Util", "Util", "{0C8A359F-A14A-48B5-9EF3-9C297325C294}"
EndProject
Project("{FAE04EC0-301F-11D3-BF4B-00C04F79EFBC}") = "Xcepto.HiveShard", "Util\Xcepto.HiveShard\Xcepto.HiveShard.csproj", "{017BF16D-72E7-421D-998D-F5BD66B0FF28}"
EndProject
Project("{FAE04EC0-301F-11D3-BF4B-00C04F79EFBC}") = "KafkaStartupAwaiter", "Util\KafkaStartupAwaiter\KafkaStartupAwaiter.csproj", "{97B5A89D-FBCA-40F4-940F-5AB0A3A4AAEF}"
EndProject
Project("{2150E333-8FDC-42A3-9474-1A3956D46DE8}") = "DotChaser", "DotChaser", "{D72BAF2E-D112-4E25-9CE7-2BE8D956750B}"
EndProject
Project("{FAE04EC0-301F-11D3-BF4B-00C04F79EFBC}") = "DotChaser.Client", "DotChaser\DotChaser.Client\DotChaser.Client.csproj", "{962DB4FC-B650-43A9-87E5-E657F7BC1B1E}"
EndProject
Project("{FAE04EC0-301F-11D3-BF4B-00C04F79EFBC}") = "DotChaser", "DotChaser\DotChaser\DotChaser.csproj", "{F599ED63-E969-46BA-8998-9BA4BA0B8D79}"
EndProject
Project("{FAE04EC0-301F-11D3-BF4B-00C04F79EFBC}") = "DotChaser.Tests", "DotChaser\DotChaser.Tests\DotChaser.Tests.csproj", "{38AF64E1-82ED-4A54-8DBA-850417FB6EAA}"
EndProject
Global
	GlobalSection(SolutionConfigurationPlatforms) = preSolution
		Debug|Any CPU = Debug|Any CPU
		Release|Any CPU = Release|Any CPU
	EndGlobalSection
	GlobalSection(SolutionProperties) = preSolution
		HideSolutionNode = FALSE
	EndGlobalSection
	GlobalSection(ProjectConfigurationPlatforms) = postSolution
		{DF0C0D43-8570-40DB-B808-B19C2D8BC535}.Debug|Any CPU.ActiveCfg = Debug|Any CPU
		{DF0C0D43-8570-40DB-B808-B19C2D8BC535}.Debug|Any CPU.Build.0 = Debug|Any CPU
		{DF0C0D43-8570-40DB-B808-B19C2D8BC535}.Release|Any CPU.ActiveCfg = Release|Any CPU
		{DF0C0D43-8570-40DB-B808-B19C2D8BC535}.Release|Any CPU.Build.0 = Release|Any CPU
		{78AFD86D-4F89-46B4-9924-9DD003DF061C}.Debug|Any CPU.ActiveCfg = Debug|Any CPU
		{78AFD86D-4F89-46B4-9924-9DD003DF061C}.Debug|Any CPU.Build.0 = Debug|Any CPU
		{78AFD86D-4F89-46B4-9924-9DD003DF061C}.Release|Any CPU.ActiveCfg = Release|Any CPU
		{78AFD86D-4F89-46B4-9924-9DD003DF061C}.Release|Any CPU.Build.0 = Release|Any CPU
		{5924C60C-495C-4D11-8718-FA6CA58EBA7B}.Debug|Any CPU.ActiveCfg = Debug|Any CPU
		{5924C60C-495C-4D11-8718-FA6CA58EBA7B}.Debug|Any CPU.Build.0 = Debug|Any CPU
		{5924C60C-495C-4D11-8718-FA6CA58EBA7B}.Release|Any CPU.ActiveCfg = Release|Any CPU
		{5924C60C-495C-4D11-8718-FA6CA58EBA7B}.Release|Any CPU.Build.0 = Release|Any CPU
		{A83374BB-CBD8-4F47-A449-5803D16E3472}.Debug|Any CPU.ActiveCfg = Debug|Any CPU
		{A83374BB-CBD8-4F47-A449-5803D16E3472}.Debug|Any CPU.Build.0 = Debug|Any CPU
		{A83374BB-CBD8-4F47-A449-5803D16E3472}.Release|Any CPU.ActiveCfg = Release|Any CPU
		{A83374BB-CBD8-4F47-A449-5803D16E3472}.Release|Any CPU.Build.0 = Release|Any CPU
		{0FAE9B73-EFE9-4BFE-8000-5823A070F4CB}.Debug|Any CPU.ActiveCfg = Debug|Any CPU
		{0FAE9B73-EFE9-4BFE-8000-5823A070F4CB}.Debug|Any CPU.Build.0 = Debug|Any CPU
		{0FAE9B73-EFE9-4BFE-8000-5823A070F4CB}.Release|Any CPU.ActiveCfg = Release|Any CPU
		{0FAE9B73-EFE9-4BFE-8000-5823A070F4CB}.Release|Any CPU.Build.0 = Release|Any CPU
		{19AA42C4-9044-4843-85E4-6334106FA373}.Debug|Any CPU.ActiveCfg = Debug|Any CPU
		{19AA42C4-9044-4843-85E4-6334106FA373}.Debug|Any CPU.Build.0 = Debug|Any CPU
		{19AA42C4-9044-4843-85E4-6334106FA373}.Release|Any CPU.ActiveCfg = Release|Any CPU
		{19AA42C4-9044-4843-85E4-6334106FA373}.Release|Any CPU.Build.0 = Release|Any CPU
		{8A33580F-899C-4BBE-9E0F-029E5ECF127F}.Debug|Any CPU.ActiveCfg = Debug|Any CPU
		{8A33580F-899C-4BBE-9E0F-029E5ECF127F}.Debug|Any CPU.Build.0 = Debug|Any CPU
		{8A33580F-899C-4BBE-9E0F-029E5ECF127F}.Release|Any CPU.ActiveCfg = Release|Any CPU
		{8A33580F-899C-4BBE-9E0F-029E5ECF127F}.Release|Any CPU.Build.0 = Release|Any CPU
		{8D799747-527F-4533-9305-1BEB239B7DB2}.Debug|Any CPU.ActiveCfg = Debug|Any CPU
		{8D799747-527F-4533-9305-1BEB239B7DB2}.Debug|Any CPU.Build.0 = Debug|Any CPU
		{8D799747-527F-4533-9305-1BEB239B7DB2}.Release|Any CPU.ActiveCfg = Release|Any CPU
		{8D799747-527F-4533-9305-1BEB239B7DB2}.Release|Any CPU.Build.0 = Release|Any CPU
		{E8D3F753-354A-48CA-AB3B-8D0246612CA4}.Debug|Any CPU.ActiveCfg = Debug|Any CPU
		{E8D3F753-354A-48CA-AB3B-8D0246612CA4}.Debug|Any CPU.Build.0 = Debug|Any CPU
		{E8D3F753-354A-48CA-AB3B-8D0246612CA4}.Release|Any CPU.ActiveCfg = Release|Any CPU
		{E8D3F753-354A-48CA-AB3B-8D0246612CA4}.Release|Any CPU.Build.0 = Release|Any CPU
		{5982699F-EA0A-463F-8BB8-84D614657DE0}.Debug|Any CPU.ActiveCfg = Debug|Any CPU
		{5982699F-EA0A-463F-8BB8-84D614657DE0}.Debug|Any CPU.Build.0 = Debug|Any CPU
		{5982699F-EA0A-463F-8BB8-84D614657DE0}.Release|Any CPU.ActiveCfg = Release|Any CPU
		{5982699F-EA0A-463F-8BB8-84D614657DE0}.Release|Any CPU.Build.0 = Release|Any CPU
		{7304CB01-D465-46F7-A048-9D16182BD908}.Debug|Any CPU.ActiveCfg = Debug|Any CPU
		{7304CB01-D465-46F7-A048-9D16182BD908}.Debug|Any CPU.Build.0 = Debug|Any CPU
		{7304CB01-D465-46F7-A048-9D16182BD908}.Release|Any CPU.ActiveCfg = Release|Any CPU
		{7304CB01-D465-46F7-A048-9D16182BD908}.Release|Any CPU.Build.0 = Release|Any CPU
		{927A47C7-89CA-46A1-A8EA-9491F7878112}.Debug|Any CPU.ActiveCfg = Debug|Any CPU
		{927A47C7-89CA-46A1-A8EA-9491F7878112}.Debug|Any CPU.Build.0 = Debug|Any CPU
		{927A47C7-89CA-46A1-A8EA-9491F7878112}.Release|Any CPU.ActiveCfg = Release|Any CPU
		{927A47C7-89CA-46A1-A8EA-9491F7878112}.Release|Any CPU.Build.0 = Release|Any CPU
		{FCA98809-A20F-4243-A8DB-02D3D44007EE}.Debug|Any CPU.ActiveCfg = Debug|Any CPU
		{FCA98809-A20F-4243-A8DB-02D3D44007EE}.Debug|Any CPU.Build.0 = Debug|Any CPU
		{FCA98809-A20F-4243-A8DB-02D3D44007EE}.Release|Any CPU.ActiveCfg = Release|Any CPU
		{FCA98809-A20F-4243-A8DB-02D3D44007EE}.Release|Any CPU.Build.0 = Release|Any CPU
		{E137C733-88BF-4395-A247-A440DB33C565}.Debug|Any CPU.ActiveCfg = Debug|Any CPU
		{E137C733-88BF-4395-A247-A440DB33C565}.Debug|Any CPU.Build.0 = Debug|Any CPU
		{E137C733-88BF-4395-A247-A440DB33C565}.Release|Any CPU.ActiveCfg = Release|Any CPU
		{E137C733-88BF-4395-A247-A440DB33C565}.Release|Any CPU.Build.0 = Release|Any CPU
		{9F7A98FD-DB3A-40FC-B464-4991A6265710}.Debug|Any CPU.ActiveCfg = Debug|Any CPU
		{9F7A98FD-DB3A-40FC-B464-4991A6265710}.Debug|Any CPU.Build.0 = Debug|Any CPU
		{9F7A98FD-DB3A-40FC-B464-4991A6265710}.Release|Any CPU.ActiveCfg = Release|Any CPU
		{9F7A98FD-DB3A-40FC-B464-4991A6265710}.Release|Any CPU.Build.0 = Release|Any CPU
		{D94A6089-2EBD-45F1-AA71-7A8970D54A4F}.Debug|Any CPU.ActiveCfg = Debug|Any CPU
		{D94A6089-2EBD-45F1-AA71-7A8970D54A4F}.Debug|Any CPU.Build.0 = Debug|Any CPU
		{D94A6089-2EBD-45F1-AA71-7A8970D54A4F}.Release|Any CPU.ActiveCfg = Release|Any CPU
		{D94A6089-2EBD-45F1-AA71-7A8970D54A4F}.Release|Any CPU.Build.0 = Release|Any CPU
		{017BF16D-72E7-421D-998D-F5BD66B0FF28}.Debug|Any CPU.ActiveCfg = Debug|Any CPU
		{017BF16D-72E7-421D-998D-F5BD66B0FF28}.Debug|Any CPU.Build.0 = Debug|Any CPU
		{017BF16D-72E7-421D-998D-F5BD66B0FF28}.Release|Any CPU.ActiveCfg = Release|Any CPU
		{017BF16D-72E7-421D-998D-F5BD66B0FF28}.Release|Any CPU.Build.0 = Release|Any CPU
		{97B5A89D-FBCA-40F4-940F-5AB0A3A4AAEF}.Debug|Any CPU.ActiveCfg = Debug|Any CPU
		{97B5A89D-FBCA-40F4-940F-5AB0A3A4AAEF}.Debug|Any CPU.Build.0 = Debug|Any CPU
		{97B5A89D-FBCA-40F4-940F-5AB0A3A4AAEF}.Release|Any CPU.ActiveCfg = Release|Any CPU
		{97B5A89D-FBCA-40F4-940F-5AB0A3A4AAEF}.Release|Any CPU.Build.0 = Release|Any CPU
		{962DB4FC-B650-43A9-87E5-E657F7BC1B1E}.Debug|Any CPU.ActiveCfg = Debug|Any CPU
		{962DB4FC-B650-43A9-87E5-E657F7BC1B1E}.Debug|Any CPU.Build.0 = Debug|Any CPU
		{962DB4FC-B650-43A9-87E5-E657F7BC1B1E}.Release|Any CPU.ActiveCfg = Release|Any CPU
		{962DB4FC-B650-43A9-87E5-E657F7BC1B1E}.Release|Any CPU.Build.0 = Release|Any CPU
		{F599ED63-E969-46BA-8998-9BA4BA0B8D79}.Debug|Any CPU.ActiveCfg = Debug|Any CPU
		{F599ED63-E969-46BA-8998-9BA4BA0B8D79}.Debug|Any CPU.Build.0 = Debug|Any CPU
		{F599ED63-E969-46BA-8998-9BA4BA0B8D79}.Release|Any CPU.ActiveCfg = Release|Any CPU
		{F599ED63-E969-46BA-8998-9BA4BA0B8D79}.Release|Any CPU.Build.0 = Release|Any CPU
		{38AF64E1-82ED-4A54-8DBA-850417FB6EAA}.Debug|Any CPU.ActiveCfg = Debug|Any CPU
		{38AF64E1-82ED-4A54-8DBA-850417FB6EAA}.Debug|Any CPU.Build.0 = Debug|Any CPU
		{38AF64E1-82ED-4A54-8DBA-850417FB6EAA}.Release|Any CPU.ActiveCfg = Release|Any CPU
		{38AF64E1-82ED-4A54-8DBA-850417FB6EAA}.Release|Any CPU.Build.0 = Release|Any CPU
	EndGlobalSection
	GlobalSection(NestedProjects) = preSolution
		{8A33580F-899C-4BBE-9E0F-029E5ECF127F} = {DC5DCDF9-C8CB-4A8F-8D1A-ACE90F3EFAA9}
		{8D799747-527F-4533-9305-1BEB239B7DB2} = {DC5DCDF9-C8CB-4A8F-8D1A-ACE90F3EFAA9}
		{E8D3F753-354A-48CA-AB3B-8D0246612CA4} = {DC5DCDF9-C8CB-4A8F-8D1A-ACE90F3EFAA9}
		{5982699F-EA0A-463F-8BB8-84D614657DE0} = {5A36CDFC-7C29-4438-BD07-8852121805CE}
		{7304CB01-D465-46F7-A048-9D16182BD908} = {5A36CDFC-7C29-4438-BD07-8852121805CE}
		{927A47C7-89CA-46A1-A8EA-9491F7878112} = {7D80B2AF-9121-4933-811C-CA2578653D0E}
		{FCA98809-A20F-4243-A8DB-02D3D44007EE} = {7D80B2AF-9121-4933-811C-CA2578653D0E}
		{E137C733-88BF-4395-A247-A440DB33C565} = {7D80B2AF-9121-4933-811C-CA2578653D0E}
		{9F7A98FD-DB3A-40FC-B464-4991A6265710} = {7D80B2AF-9121-4933-811C-CA2578653D0E}
		{D94A6089-2EBD-45F1-AA71-7A8970D54A4F} = {7D80B2AF-9121-4933-811C-CA2578653D0E}
		{017BF16D-72E7-421D-998D-F5BD66B0FF28} = {0C8A359F-A14A-48B5-9EF3-9C297325C294}
		{97B5A89D-FBCA-40F4-940F-5AB0A3A4AAEF} = {0C8A359F-A14A-48B5-9EF3-9C297325C294}
		{962DB4FC-B650-43A9-87E5-E657F7BC1B1E} = {D72BAF2E-D112-4E25-9CE7-2BE8D956750B}
		{F599ED63-E969-46BA-8998-9BA4BA0B8D79} = {D72BAF2E-D112-4E25-9CE7-2BE8D956750B}
		{38AF64E1-82ED-4A54-8DBA-850417FB6EAA} = {D72BAF2E-D112-4E25-9CE7-2BE8D956750B}
	EndGlobalSection
EndGlobal
