
Microsoft Visual Studio Solution File, Format Version 12.00
# Visual Studio Version 17
VisualStudioVersion = 17.0.31903.59
MinimumVisualStudioVersion = 10.0.40219.1
Project("{FAE04EC0-301F-11D3-BF4B-00C04F79EFBC}") = "HiveShard", "HiveShard\HiveShard.csproj", "{DF0C0D43-8570-40DB-B808-B19C2D8BC535}"
EndProject
Project("{FAE04EC0-301F-11D3-BF4B-00C04F79EFBC}") = "HiveShard.Client", "HiveShard.Client\HiveShard.Client.csproj", "{78AFD86D-4F89-46B4-9924-9DD003DF061C}"
EndProject
Project("{FAE04EC0-301F-11D3-BF4B-00C04F79EFBC}") = "HiveShard.Edge", "HiveShard.Edge\HiveShard.Edge.csproj", "{5924C60C-495C-4D11-8718-FA6CA58EBA7B}"
EndProject
Project("{2150E333-8FDC-42A3-9474-1A3956D46DE8}") = "Tests", "Tests", "{7D80B2AF-9121-4933-811C-CA2578653D0E}"
EndProject
Project("{2150E333-8FDC-42A3-9474-1A3956D46DE8}") = "Fabrics", "Fabrics", "{DC5DCDF9-C8CB-4A8F-8D1A-ACE90F3EFAA9}"
EndProject
Project("{FAE04EC0-301F-11D3-BF4B-00C04F79EFBC}") = "HiveShard.Shard", "HiveShard.Shard\HiveShard.Shard.csproj", "{A83374BB-CBD8-4F47-A449-5803D16E3472}"
EndProject
Project("{FAE04EC0-301F-11D3-BF4B-00C04F79EFBC}") = "HiveShard.Fabrics.InMemory", "Fabrics\HiveShard.Fabrics.InMemory\HiveShard.Fabrics.InMemory.csproj", "{8A33580F-899C-4BBE-9E0F-029E5ECF127F}"
EndProject
Project("{FAE04EC0-301F-11D3-BF4B-00C04F79EFBC}") = "HiveShard.Fabrics.Kafka", "Fabrics\HiveShard.Fabrics.Kafka\HiveShard.Fabrics.Kafka.csproj", "{8D799747-527F-4533-9305-1BEB239B7DB2}"
EndProject
Project("{FAE04EC0-301F-11D3-BF4B-00C04F79EFBC}") = "HiveShard.Fabrics.Tcp", "Fabrics\HiveShard.Fabrics.Tcp\HiveShard.Fabrics.Tcp.csproj", "{E8D3F753-354A-48CA-AB3B-8D0246612CA4}"
EndProject
Project("{2150E333-8FDC-42A3-9474-1A3956D46DE8}") = "Util", "Util", "{0C8A359F-A14A-48B5-9EF3-9C297325C294}"
EndProject
Project("{FAE04EC0-301F-11D3-BF4B-00C04F79EFBC}") = "Xcepto.HiveShard", "Util\Xcepto.HiveShard\Xcepto.HiveShard.csproj", "{017BF16D-72E7-421D-998D-F5BD66B0FF28}"
EndProject
Project("{FAE04EC0-301F-11D3-BF4B-00C04F79EFBC}") = "KafkaStartupAwaiter", "Util\KafkaStartupAwaiter\KafkaStartupAwaiter.csproj", "{97B5A89D-FBCA-40F4-940F-5AB0A3A4AAEF}"
EndProject
Project("{2150E333-8FDC-42A3-9474-1A3956D46DE8}") = "Deployments", "Deployments", "{B2BE22D9-E4F2-42B4-A76D-1BD8F0BEE402}"
EndProject
Project("{FAE04EC0-301F-11D3-BF4B-00C04F79EFBC}") = "HiveShard.Deployments.InMemory", "Deployments\HiveShard.Deployments.InMemory\HiveShard.Deployments.InMemory.csproj", "{8CC1AA54-D2D6-4542-9D2D-D2080A5BBF08}"
EndProject
Project("{FAE04EC0-301F-11D3-BF4B-00C04F79EFBC}") = "HiveShard.Deployments.DockerCompose", "Deployments\HiveShard.Deployments.DockerCompose\HiveShard.Deployments.DockerCompose.csproj", "{EEBA7A40-9B3E-42B9-9D90-FA31FA24DA29}"
EndProject
Project("{2150E333-8FDC-42A3-9474-1A3956D46DE8}") = "Workers", "Workers", "{4D443145-EAB1-4A74-B080-C2247ED15881}"
EndProject
Project("{FAE04EC0-301F-11D3-BF4B-00C04F79EFBC}") = "HiveShard.Workers.Shard", "Workers\HiveShard.Workers.Shard\HiveShard.Workers.Shard.csproj", "{24B011C8-8393-47E5-AA97-4E0C620FE0CB}"
EndProject
Project("{FAE04EC0-301F-11D3-BF4B-00C04F79EFBC}") = "HiveShard.Workers.Edge", "Workers\HiveShard.Workers.Edge\HiveShard.Workers.Edge.csproj", "{EA86B9D7-8F6B-494D-87C7-D29B477FFD3B}"
EndProject
Project("{FAE04EC0-301F-11D3-BF4B-00C04F79EFBC}") = "HiveShard.Workers.Ticker", "Workers\HiveShard.Workers.Ticker\HiveShard.Workers.Ticker.csproj", "{2AB34D64-7EE2-4F04-845F-3F91B6670E94}"
EndProject
Project("{FAE04EC0-301F-11D3-BF4B-00C04F79EFBC}") = "HiveShard.Workers.Initializer", "Workers\HiveShard.Workers.Initializer\HiveShard.Workers.Initializer.csproj", "{551513C2-E78A-4D63-BC9F-5D9B3D68D093}"
EndProject
Project("{FAE04EC0-301F-11D3-BF4B-00C04F79EFBC}") = "HiveShard.Initializer", "HiveShard.Initializer\HiveShard.Initializer.csproj", "{031D39B2-CC26-45CC-88F7-9F7AE75141E6}"
EndProject
Project("{2150E333-8FDC-42A3-9474-1A3956D46DE8}") = "Telemetry", "Telemetry", "{BC975E04-183E-426C-B4A5-E5B58A0EB889}"
EndProject
Project("{FAE04EC0-301F-11D3-BF4B-00C04F79EFBC}") = "HiveShard.Telemetry.Console", "Telemetry\HiveShard.Telemetry.Console\HiveShard.Telemetry.Console.csproj", "{50448DF9-536B-40EC-B38C-1ACAA95D44BB}"
EndProject
Project("{FAE04EC0-301F-11D3-BF4B-00C04F79EFBC}") = "HiveShard.Telemetry.HiveShardEE", "Telemetry\HiveShard.Telemetry.HiveShardEE\HiveShard.Telemetry.HiveShardEE.csproj", "{DA31B0E3-2C13-4FE3-98A5-972415EF1AE2}"
EndProject
Project("{FAE04EC0-301F-11D3-BF4B-00C04F79EFBC}") = "HiveShard.Environment", "Util\HiveShard.Environment\HiveShard.Environment.csproj", "{816965E7-2B62-4E9C-B9D9-088020F16EEA}"
EndProject
Project("{FAE04EC0-301F-11D3-BF4B-00C04F79EFBC}") = "HiveShard.Util.Test", "Tests\HiveShard.Util.Test\HiveShard.Util.Test.csproj", "{EF3F7755-1C03-4CED-B70C-4A1211010A6C}"
EndProject
Project("{FAE04EC0-301F-11D3-BF4B-00C04F79EFBC}") = "HiveShard.Workers.Edge.Tests", "Tests\HiveShard.Workers.Edge.Tests\HiveShard.Workers.Edge.Tests.csproj", "{1C756CB6-4F9A-4CAE-8C07-784BAB1FEE35}"
EndProject
Project("{FAE04EC0-301F-11D3-BF4B-00C04F79EFBC}") = "HiveShard.Fabrics.InMemory.Tests", "Tests\HiveShard.Fabrics.InMemory.Tests\HiveShard.Fabrics.InMemory.Tests.csproj", "{8FC93E63-5EE6-43CA-9F2E-F39CAC5DB855}"
EndProject
Project("{FAE04EC0-301F-11D3-BF4B-00C04F79EFBC}") = "HiveShard.Fabrics.Kafka.Tests", "Tests\HiveShard.Fabrics.Kafka.Tests\HiveShard.Fabrics.Kafka.Tests.csproj", "{5B340660-0156-4002-A686-C0E0E8BA4121}"
EndProject
Project("{FAE04EC0-301F-11D3-BF4B-00C04F79EFBC}") = "HiveShard.Workers.Ticker.Tests", "Tests\HiveShard.Workers.Ticker.Tests\HiveShard.Workers.Ticker.Tests.csproj", "{2FB8FAA0-FC80-489A-B8FA-93D3C9700DA4}"
EndProject
Project("{FAE04EC0-301F-11D3-BF4B-00C04F79EFBC}") = "HiveShard.Workers.Initialization.Tests", "Tests\HiveShard.Workers.Initialization.Tests\HiveShard.Workers.Initialization.Tests.csproj", "{FFE05B4C-5FBA-454F-9698-B5CA70F7C141}"
EndProject
Project("{FAE04EC0-301F-11D3-BF4B-00C04F79EFBC}") = "HiveShard.Workers.Shard.Tests", "Tests\HiveShard.Workers.Shard.Tests\HiveShard.Workers.Shard.Tests.csproj", "{2047CE48-2D5E-4466-A263-F831F40E353A}"
EndProject
Global
	GlobalSection(SolutionConfigurationPlatforms) = preSolution
		Debug|Any CPU = Debug|Any CPU
		Release|Any CPU = Release|Any CPU
	EndGlobalSection
	GlobalSection(SolutionProperties) = preSolution
		HideSolutionNode = FALSE
	EndGlobalSection
	GlobalSection(ProjectConfigurationPlatforms) = postSolution
		{DF0C0D43-8570-40DB-B808-B19C2D8BC535}.Debug|Any CPU.ActiveCfg = Debug|Any CPU
		{DF0C0D43-8570-40DB-B808-B19C2D8BC535}.Debug|Any CPU.Build.0 = Debug|Any CPU
		{DF0C0D43-8570-40DB-B808-B19C2D8BC535}.Release|Any CPU.ActiveCfg = Release|Any CPU
		{DF0C0D43-8570-40DB-B808-B19C2D8BC535}.Release|Any CPU.Build.0 = Release|Any CPU
		{78AFD86D-4F89-46B4-9924-9DD003DF061C}.Debug|Any CPU.ActiveCfg = Debug|Any CPU
		{78AFD86D-4F89-46B4-9924-9DD003DF061C}.Debug|Any CPU.Build.0 = Debug|Any CPU
		{78AFD86D-4F89-46B4-9924-9DD003DF061C}.Release|Any CPU.ActiveCfg = Release|Any CPU
		{78AFD86D-4F89-46B4-9924-9DD003DF061C}.Release|Any CPU.Build.0 = Release|Any CPU
		{5924C60C-495C-4D11-8718-FA6CA58EBA7B}.Debug|Any CPU.ActiveCfg = Debug|Any CPU
		{5924C60C-495C-4D11-8718-FA6CA58EBA7B}.Debug|Any CPU.Build.0 = Debug|Any CPU
		{5924C60C-495C-4D11-8718-FA6CA58EBA7B}.Release|Any CPU.ActiveCfg = Release|Any CPU
		{5924C60C-495C-4D11-8718-FA6CA58EBA7B}.Release|Any CPU.Build.0 = Release|Any CPU
		{A83374BB-CBD8-4F47-A449-5803D16E3472}.Debug|Any CPU.ActiveCfg = Debug|Any CPU
		{A83374BB-CBD8-4F47-A449-5803D16E3472}.Debug|Any CPU.Build.0 = Debug|Any CPU
		{A83374BB-CBD8-4F47-A449-5803D16E3472}.Release|Any CPU.ActiveCfg = Release|Any CPU
		{A83374BB-CBD8-4F47-A449-5803D16E3472}.Release|Any CPU.Build.0 = Release|Any CPU
		{8A33580F-899C-4BBE-9E0F-029E5ECF127F}.Debug|Any CPU.ActiveCfg = Debug|Any CPU
		{8A33580F-899C-4BBE-9E0F-029E5ECF127F}.Debug|Any CPU.Build.0 = Debug|Any CPU
		{8A33580F-899C-4BBE-9E0F-029E5ECF127F}.Release|Any CPU.ActiveCfg = Release|Any CPU
		{8A33580F-899C-4BBE-9E0F-029E5ECF127F}.Release|Any CPU.Build.0 = Release|Any CPU
		{8D799747-527F-4533-9305-1BEB239B7DB2}.Debug|Any CPU.ActiveCfg = Debug|Any CPU
		{8D799747-527F-4533-9305-1BEB239B7DB2}.Debug|Any CPU.Build.0 = Debug|Any CPU
		{8D799747-527F-4533-9305-1BEB239B7DB2}.Release|Any CPU.ActiveCfg = Release|Any CPU
		{8D799747-527F-4533-9305-1BEB239B7DB2}.Release|Any CPU.Build.0 = Release|Any CPU
		{E8D3F753-354A-48CA-AB3B-8D0246612CA4}.Debug|Any CPU.ActiveCfg = Debug|Any CPU
		{E8D3F753-354A-48CA-AB3B-8D0246612CA4}.Debug|Any CPU.Build.0 = Debug|Any CPU
		{E8D3F753-354A-48CA-AB3B-8D0246612CA4}.Release|Any CPU.ActiveCfg = Release|Any CPU
		{E8D3F753-354A-48CA-AB3B-8D0246612CA4}.Release|Any CPU.Build.0 = Release|Any CPU
		{017BF16D-72E7-421D-998D-F5BD66B0FF28}.Debug|Any CPU.ActiveCfg = Debug|Any CPU
		{017BF16D-72E7-421D-998D-F5BD66B0FF28}.Debug|Any CPU.Build.0 = Debug|Any CPU
		{017BF16D-72E7-421D-998D-F5BD66B0FF28}.Release|Any CPU.ActiveCfg = Release|Any CPU
		{017BF16D-72E7-421D-998D-F5BD66B0FF28}.Release|Any CPU.Build.0 = Release|Any CPU
		{97B5A89D-FBCA-40F4-940F-5AB0A3A4AAEF}.Debug|Any CPU.ActiveCfg = Debug|Any CPU
		{97B5A89D-FBCA-40F4-940F-5AB0A3A4AAEF}.Debug|Any CPU.Build.0 = Debug|Any CPU
		{97B5A89D-FBCA-40F4-940F-5AB0A3A4AAEF}.Release|Any CPU.ActiveCfg = Release|Any CPU
		{97B5A89D-FBCA-40F4-940F-5AB0A3A4AAEF}.Release|Any CPU.Build.0 = Release|Any CPU
		{8CC1AA54-D2D6-4542-9D2D-D2080A5BBF08}.Debug|Any CPU.ActiveCfg = Debug|Any CPU
		{8CC1AA54-D2D6-4542-9D2D-D2080A5BBF08}.Debug|Any CPU.Build.0 = Debug|Any CPU
		{8CC1AA54-D2D6-4542-9D2D-D2080A5BBF08}.Release|Any CPU.ActiveCfg = Release|Any CPU
		{8CC1AA54-D2D6-4542-9D2D-D2080A5BBF08}.Release|Any CPU.Build.0 = Release|Any CPU
		{EEBA7A40-9B3E-42B9-9D90-FA31FA24DA29}.Debug|Any CPU.ActiveCfg = Debug|Any CPU
		{EEBA7A40-9B3E-42B9-9D90-FA31FA24DA29}.Debug|Any CPU.Build.0 = Debug|Any CPU
		{EEBA7A40-9B3E-42B9-9D90-FA31FA24DA29}.Release|Any CPU.ActiveCfg = Release|Any CPU
		{EEBA7A40-9B3E-42B9-9D90-FA31FA24DA29}.Release|Any CPU.Build.0 = Release|Any CPU
		{24B011C8-8393-47E5-AA97-4E0C620FE0CB}.Debug|Any CPU.ActiveCfg = Debug|Any CPU
		{24B011C8-8393-47E5-AA97-4E0C620FE0CB}.Debug|Any CPU.Build.0 = Debug|Any CPU
		{24B011C8-8393-47E5-AA97-4E0C620FE0CB}.Release|Any CPU.ActiveCfg = Release|Any CPU
		{24B011C8-8393-47E5-AA97-4E0C620FE0CB}.Release|Any CPU.Build.0 = Release|Any CPU
		{EA86B9D7-8F6B-494D-87C7-D29B477FFD3B}.Debug|Any CPU.ActiveCfg = Debug|Any CPU
		{EA86B9D7-8F6B-494D-87C7-D29B477FFD3B}.Debug|Any CPU.Build.0 = Debug|Any CPU
		{EA86B9D7-8F6B-494D-87C7-D29B477FFD3B}.Release|Any CPU.ActiveCfg = Release|Any CPU
		{EA86B9D7-8F6B-494D-87C7-D29B477FFD3B}.Release|Any CPU.Build.0 = Release|Any CPU
		{2AB34D64-7EE2-4F04-845F-3F91B6670E94}.Debug|Any CPU.ActiveCfg = Debug|Any CPU
		{2AB34D64-7EE2-4F04-845F-3F91B6670E94}.Debug|Any CPU.Build.0 = Debug|Any CPU
		{2AB34D64-7EE2-4F04-845F-3F91B6670E94}.Release|Any CPU.ActiveCfg = Release|Any CPU
		{2AB34D64-7EE2-4F04-845F-3F91B6670E94}.Release|Any CPU.Build.0 = Release|Any CPU
		{551513C2-E78A-4D63-BC9F-5D9B3D68D093}.Debug|Any CPU.ActiveCfg = Debug|Any CPU
		{551513C2-E78A-4D63-BC9F-5D9B3D68D093}.Debug|Any CPU.Build.0 = Debug|Any CPU
		{551513C2-E78A-4D63-BC9F-5D9B3D68D093}.Release|Any CPU.ActiveCfg = Release|Any CPU
		{551513C2-E78A-4D63-BC9F-5D9B3D68D093}.Release|Any CPU.Build.0 = Release|Any CPU
		{031D39B2-CC26-45CC-88F7-9F7AE75141E6}.Debug|Any CPU.ActiveCfg = Debug|Any CPU
		{031D39B2-CC26-45CC-88F7-9F7AE75141E6}.Debug|Any CPU.Build.0 = Debug|Any CPU
		{031D39B2-CC26-45CC-88F7-9F7AE75141E6}.Release|Any CPU.ActiveCfg = Release|Any CPU
		{031D39B2-CC26-45CC-88F7-9F7AE75141E6}.Release|Any CPU.Build.0 = Release|Any CPU
		{50448DF9-536B-40EC-B38C-1ACAA95D44BB}.Debug|Any CPU.ActiveCfg = Debug|Any CPU
		{50448DF9-536B-40EC-B38C-1ACAA95D44BB}.Debug|Any CPU.Build.0 = Debug|Any CPU
		{50448DF9-536B-40EC-B38C-1ACAA95D44BB}.Release|Any CPU.ActiveCfg = Release|Any CPU
		{50448DF9-536B-40EC-B38C-1ACAA95D44BB}.Release|Any CPU.Build.0 = Release|Any CPU
		{DA31B0E3-2C13-4FE3-98A5-972415EF1AE2}.Debug|Any CPU.ActiveCfg = Debug|Any CPU
		{DA31B0E3-2C13-4FE3-98A5-972415EF1AE2}.Debug|Any CPU.Build.0 = Debug|Any CPU
		{DA31B0E3-2C13-4FE3-98A5-972415EF1AE2}.Release|Any CPU.ActiveCfg = Release|Any CPU
		{DA31B0E3-2C13-4FE3-98A5-972415EF1AE2}.Release|Any CPU.Build.0 = Release|Any CPU
		{816965E7-2B62-4E9C-B9D9-088020F16EEA}.Debug|Any CPU.ActiveCfg = Debug|Any CPU
		{816965E7-2B62-4E9C-B9D9-088020F16EEA}.Debug|Any CPU.Build.0 = Debug|Any CPU
		{816965E7-2B62-4E9C-B9D9-088020F16EEA}.Release|Any CPU.ActiveCfg = Release|Any CPU
		{816965E7-2B62-4E9C-B9D9-088020F16EEA}.Release|Any CPU.Build.0 = Release|Any CPU
		{EF3F7755-1C03-4CED-B70C-4A1211010A6C}.Debug|Any CPU.ActiveCfg = Debug|Any CPU
		{EF3F7755-1C03-4CED-B70C-4A1211010A6C}.Debug|Any CPU.Build.0 = Debug|Any CPU
		{EF3F7755-1C03-4CED-B70C-4A1211010A6C}.Release|Any CPU.ActiveCfg = Release|Any CPU
		{EF3F7755-1C03-4CED-B70C-4A1211010A6C}.Release|Any CPU.Build.0 = Release|Any CPU
		{1C756CB6-4F9A-4CAE-8C07-784BAB1FEE35}.Debug|Any CPU.ActiveCfg = Debug|Any CPU
		{1C756CB6-4F9A-4CAE-8C07-784BAB1FEE35}.Debug|Any CPU.Build.0 = Debug|Any CPU
		{1C756CB6-4F9A-4CAE-8C07-784BAB1FEE35}.Release|Any CPU.ActiveCfg = Release|Any CPU
		{1C756CB6-4F9A-4CAE-8C07-784BAB1FEE35}.Release|Any CPU.Build.0 = Release|Any CPU
		{8FC93E63-5EE6-43CA-9F2E-F39CAC5DB855}.Debug|Any CPU.ActiveCfg = Debug|Any CPU
		{8FC93E63-5EE6-43CA-9F2E-F39CAC5DB855}.Debug|Any CPU.Build.0 = Debug|Any CPU
		{8FC93E63-5EE6-43CA-9F2E-F39CAC5DB855}.Release|Any CPU.ActiveCfg = Release|Any CPU
		{8FC93E63-5EE6-43CA-9F2E-F39CAC5DB855}.Release|Any CPU.Build.0 = Release|Any CPU
		{5B340660-0156-4002-A686-C0E0E8BA4121}.Debug|Any CPU.ActiveCfg = Debug|Any CPU
		{5B340660-0156-4002-A686-C0E0E8BA4121}.Debug|Any CPU.Build.0 = Debug|Any CPU
		{5B340660-0156-4002-A686-C0E0E8BA4121}.Release|Any CPU.ActiveCfg = Release|Any CPU
		{5B340660-0156-4002-A686-C0E0E8BA4121}.Release|Any CPU.Build.0 = Release|Any CPU
		{2FB8FAA0-FC80-489A-B8FA-93D3C9700DA4}.Debug|Any CPU.ActiveCfg = Debug|Any CPU
		{2FB8FAA0-FC80-489A-B8FA-93D3C9700DA4}.Debug|Any CPU.Build.0 = Debug|Any CPU
		{2FB8FAA0-FC80-489A-B8FA-93D3C9700DA4}.Release|Any CPU.ActiveCfg = Release|Any CPU
		{2FB8FAA0-FC80-489A-B8FA-93D3C9700DA4}.Release|Any CPU.Build.0 = Release|Any CPU
		{FFE05B4C-5FBA-454F-9698-B5CA70F7C141}.Debug|Any CPU.ActiveCfg = Debug|Any CPU
		{FFE05B4C-5FBA-454F-9698-B5CA70F7C141}.Debug|Any CPU.Build.0 = Debug|Any CPU
		{FFE05B4C-5FBA-454F-9698-B5CA70F7C141}.Release|Any CPU.ActiveCfg = Release|Any CPU
		{FFE05B4C-5FBA-454F-9698-B5CA70F7C141}.Release|Any CPU.Build.0 = Release|Any CPU
		{2047CE48-2D5E-4466-A263-F831F40E353A}.Debug|Any CPU.ActiveCfg = Debug|Any CPU
		{2047CE48-2D5E-4466-A263-F831F40E353A}.Debug|Any CPU.Build.0 = Debug|Any CPU
		{2047CE48-2D5E-4466-A263-F831F40E353A}.Release|Any CPU.ActiveCfg = Release|Any CPU
		{2047CE48-2D5E-4466-A263-F831F40E353A}.Release|Any CPU.Build.0 = Release|Any CPU
	EndGlobalSection
	GlobalSection(NestedProjects) = preSolution
		{8A33580F-899C-4BBE-9E0F-029E5ECF127F} = {DC5DCDF9-C8CB-4A8F-8D1A-ACE90F3EFAA9}
		{8D799747-527F-4533-9305-1BEB239B7DB2} = {DC5DCDF9-C8CB-4A8F-8D1A-ACE90F3EFAA9}
		{E8D3F753-354A-48CA-AB3B-8D0246612CA4} = {DC5DCDF9-C8CB-4A8F-8D1A-ACE90F3EFAA9}
		{017BF16D-72E7-421D-998D-F5BD66B0FF28} = {0C8A359F-A14A-48B5-9EF3-9C297325C294}
		{97B5A89D-FBCA-40F4-940F-5AB0A3A4AAEF} = {0C8A359F-A14A-48B5-9EF3-9C297325C294}
		{8CC1AA54-D2D6-4542-9D2D-D2080A5BBF08} = {B2BE22D9-E4F2-42B4-A76D-1BD8F0BEE402}
		{EEBA7A40-9B3E-42B9-9D90-FA31FA24DA29} = {B2BE22D9-E4F2-42B4-A76D-1BD8F0BEE402}
		{24B011C8-8393-47E5-AA97-4E0C620FE0CB} = {4D443145-EAB1-4A74-B080-C2247ED15881}
		{EA86B9D7-8F6B-494D-87C7-D29B477FFD3B} = {4D443145-EAB1-4A74-B080-C2247ED15881}
		{2AB34D64-7EE2-4F04-845F-3F91B6670E94} = {4D443145-EAB1-4A74-B080-C2247ED15881}
		{551513C2-E78A-4D63-BC9F-5D9B3D68D093} = {4D443145-EAB1-4A74-B080-C2247ED15881}
		{50448DF9-536B-40EC-B38C-1ACAA95D44BB} = {BC975E04-183E-426C-B4A5-E5B58A0EB889}
		{DA31B0E3-2C13-4FE3-98A5-972415EF1AE2} = {BC975E04-183E-426C-B4A5-E5B58A0EB889}
		{816965E7-2B62-4E9C-B9D9-088020F16EEA} = {0C8A359F-A14A-48B5-9EF3-9C297325C294}
		{1C756CB6-4F9A-4CAE-8C07-784BAB1FEE35} = {7D80B2AF-9121-4933-811C-CA2578653D0E}
		{8FC93E63-5EE6-43CA-9F2E-F39CAC5DB855} = {7D80B2AF-9121-4933-811C-CA2578653D0E}
		{5B340660-0156-4002-A686-C0E0E8BA4121} = {7D80B2AF-9121-4933-811C-CA2578653D0E}
		{2FB8FAA0-FC80-489A-B8FA-93D3C9700DA4} = {7D80B2AF-9121-4933-811C-CA2578653D0E}
		{FFE05B4C-5FBA-454F-9698-B5CA70F7C141} = {7D80B2AF-9121-4933-811C-CA2578653D0E}
		{2047CE48-2D5E-4466-A263-F831F40E353A} = {7D80B2AF-9121-4933-811C-CA2578653D0E}
		{EF3F7755-1C03-4CED-B70C-4A1211010A6C} = {0C8A359F-A14A-48B5-9EF3-9C297325C294}
	EndGlobalSection
EndGlobal
